{
  "name": "playwright101",
  "version": "1.0.0",
  "lockfileVersion": 1,
  "requires": true,
  "dependencies": {
    "@playwright/test": {
      "version": "1.23.0-alpha-may-19-2022",
      "resolved": "https://registry.npmjs.org/@playwright/test/-/test-1.23.0-alpha-may-19-2022.tgz",
      "integrity": "sha512-QkWSYL7ZkfZrm7ETUQZiJUc8wlVJ/4iQiy/wvjw/s6P679wRIf1xVEHSQck3SbZhEwaVsEmC5RJk04fasw4MsA==",
      "dev": true,
      "requires": {
        "@types/node": "*",
        "playwright-core": "1.23.0-alpha-may-19-2022"
      },
      "dependencies": {
        "playwright-core": {
          "version": "1.23.0-alpha-may-19-2022",
          "resolved": "https://registry.npmjs.org/playwright-core/-/playwright-core-1.23.0-alpha-may-19-2022.tgz",
          "integrity": "sha512-0nfHSSzv7ESqkphl83KTV4ehgg6JZaxWCdg/RVcY+iPBoyT+swYnxYQfg1puP77tfNUvJ+oHKPEAEENzzQdDmA==",
          "dev": true
        }
      }
    },
    "@types/node": {
      "version": "17.0.35",
      "resolved": "https://registry.npmjs.org/@types/node/-/node-17.0.35.tgz",
      "integrity": "sha512-vu1SrqBjbbZ3J6vwY17jBs8Sr/BKA+/a/WtjRG+whKg1iuLFOosq872EXS0eXWILdO36DHQQeku/ZcL6hz2fpg==",
      "dev": true
    }
  }
}
